// !$*UTF8*$!
{
	archiveVersion = 1;
	classes = {
	};
	objectVersion = 77;
	objects = {

/* Begin PBXContainerItemProxy section */
		6B20BF452D660A2C006918EF /* PBXContainerItemProxy */ = {
			isa = PBXContainerItemProxy;
			containerPortal = 6B20BF262D660A27006918EF /* Project object */;
			proxyType = 1;
			remoteGlobalIDString = 6B20BF2D2D660A27006918EF;
			remoteInfo = SwiftXMLKit;
		};
		6B20BF4F2D660A2C006918EF /* PBXContainerItemProxy */ = {
			isa = PBXContainerItemProxy;
			containerPortal = 6B20BF262D660A27006918EF /* Project object */;
			proxyType = 1;
			remoteGlobalIDString = 6B20BF2D2D660A27006918EF;
			remoteInfo = SwiftXMLKit;
		};
/* End PBXContainerItemProxy section */

/* Begin PBXFileReference section */
		6B20BF2E2D660A27006918EF /* SwiftXMLKit.app */ = {isa = PBXFileReference; explicitFileType = wrapper.application; includeInIndex = 0; path = SwiftXMLKit.app; sourceTree = BUILT_PRODUCTS_DIR; };
		6B20BF442D660A2C006918EF /* SwiftXMLKitTests.xctest */ = {isa = PBXFileReference; explicitFileType = wrapper.cfbundle; includeInIndex = 0; path = SwiftXMLKitTests.xctest; sourceTree = BUILT_PRODUCTS_DIR; };
		6B20BF4E2D660A2C006918EF /* SwiftXMLKitUITests.xctest */ = {isa = PBXFileReference; explicitFileType = wrapper.cfbundle; includeInIndex = 0; path = SwiftXMLKitUITests.xctest; sourceTree = BUILT_PRODUCTS_DIR; };
/* End PBXFileReference section */

/* Begin PBXFileSystemSynchronizedBuildFileExceptionSet section */
		6B20BF562D660A2C006918EF /* Exceptions for "SwiftXMLKit" folder in "SwiftXMLKit" target */ = {
			isa = PBXFileSystemSynchronizedBuildFileExceptionSet;
			membershipExceptions = (
				Info.plist,
			);
			target = 6B20BF2D2D660A27006918EF /* SwiftXMLKit */;
		};
/* End PBXFileSystemSynchronizedBuildFileExceptionSet section */

/* Begin PBXFileSystemSynchronizedRootGroup section */
		6B20BF302D660A27006918EF /* SwiftXMLKit */ = {
			isa = PBXFileSystemSynchronizedRootGroup;
			exceptions = (
				6B20BF562D660A2C006918EF /* Exceptions for "SwiftXMLKit" folder in "SwiftXMLKit" target */,
			);
			path = SwiftXMLKit;
			sourceTree = "<group>";
		};
		6B20BF472D660A2C006918EF /* SwiftXMLKitTests */ = {
			isa = PBXFileSystemSynchronizedRootGroup;
			path = SwiftXMLKitTests;
			sourceTree = "<group>";
		};
		6B20BF512D660A2C006918EF /* SwiftXMLKitUITests */ = {
			isa = PBXFileSystemSynchronizedRootGroup;
			path = SwiftXMLKitUITests;
			sourceTree = "<group>";
		};
/* End PBXFileSystemSynchronizedRootGroup section */

/* Begin PBXFrameworksBuildPhase section */
		6B20BF2B2D660A27006918EF /* Frameworks */ = {
			isa = PBXFrameworksBuildPhase;
			buildActionMask = 2147483647;
			files = (
			);
			runOnlyForDeploymentPostprocessing = 0;
		};
		6B20BF412D660A2C006918EF /* Frameworks */ = {
			isa = PBXFrameworksBuildPhase;
			buildActionMask = 2147483647;
			files = (
			);
			runOnlyForDeploymentPostprocessing = 0;
		};
		6B20BF4B2D660A2C006918EF /* Frameworks */ = {
			isa = PBXFrameworksBuildPhase;
			buildActionMask = 2147483647;
			files = (
			);
			runOnlyForDeploymentPostprocessing = 0;
		};
/* End PBXFrameworksBuildPhase section */

/* Begin PBXGroup section */
		6B20BF252D660A27006918EF = {
			isa = PBXGroup;
			children = (
				6B20BF302D660A27006918EF /* SwiftXMLKit */,
				6B20BF472D660A2C006918EF /* SwiftXMLKitTests */,
				6B20BF512D660A2C006918EF /* SwiftXMLKitUITests */,
				6B20BF2F2D660A27006918EF /* Products */,
			);
			sourceTree = "<group>";
		};
		6B20BF2F2D660A27006918EF /* Products */ = {
			isa = PBXGroup;
			children = (
				6B20BF2E2D660A27006918EF /* SwiftXMLKit.app */,
				6B20BF442D660A2C006918EF /* SwiftXMLKitTests.xctest */,
				6B20BF4E2D660A2C006918EF /* SwiftXMLKitUITests.xctest */,
			);
			name = Products;
			sourceTree = "<group>";
		};
/* End PBXGroup section */

/* Begin PBXNativeTarget section */
		6B20BF2D2D660A27006918EF /* SwiftXMLKit */ = {
			isa = PBXNativeTarget;
			buildConfigurationList = 6B20BF572D660A2C006918EF /* Build configuration list for PBXNativeTarget "SwiftXMLKit" */;
			buildPhases = (
				6B20BF2A2D660A27006918EF /* Sources */,
				6B20BF2B2D660A27006918EF /* Frameworks */,
				6B20BF2C2D660A27006918EF /* Resources */,
			);
			buildRules = (
			);
			dependencies = (
			);
			fileSystemSynchronizedGroups = (
				6B20BF302D660A27006918EF /* SwiftXMLKit */,
			);
			name = SwiftXMLKit;
			packageProductDependencies = (
			);
			productName = SwiftXMLKit;
			productReference = 6B20BF2E2D660A27006918EF /* SwiftXMLKit.app */;
			productType = "com.apple.product-type.application";
		};
		6B20BF432D660A2C006918EF /* SwiftXMLKitTests */ = {
			isa = PBXNativeTarget;
			buildConfigurationList = 6B20BF5C2D660A2C006918EF /* Build configuration list for PBXNativeTarget "SwiftXMLKitTests" */;
			buildPhases = (
				6B20BF402D660A2C006918EF /* Sources */,
				6B20BF412D660A2C006918EF /* Frameworks */,
				6B20BF422D660A2C006918EF /* Resources */,
			);
			buildRules = (
			);
			dependencies = (
				6B20BF462D660A2C006918EF /* PBXTargetDependency */,
			);
			fileSystemSynchronizedGroups = (
				6B20BF472D660A2C006918EF /* SwiftXMLKitTests */,
			);
			name = SwiftXMLKitTests;
			packageProductDependencies = (
			);
			productName = SwiftXMLKitTests;
			productReference = 6B20BF442D660A2C006918EF /* SwiftXMLKitTests.xctest */;
			productType = "com.apple.product-type.bundle.unit-test";
		};
		6B20BF4D2D660A2C006918EF /* SwiftXMLKitUITests */ = {
			isa = PBXNativeTarget;
			buildConfigurationList = 6B20BF5F2D660A2C006918EF /* Build configuration list for PBXNativeTarget "SwiftXMLKitUITests" */;
			buildPhases = (
				6B20BF4A2D660A2C006918EF /* Sources */,
				6B20BF4B2D660A2C006918EF /* Frameworks */,
				6B20BF4C2D660A2C006918EF /* Resources */,
			);
			buildRules = (
			);
			dependencies = (
				6B20BF502D660A2C006918EF /* PBXTargetDependency */,
			);
			fileSystemSynchronizedGroups = (
				6B20BF512D660A2C006918EF /* SwiftXMLKitUITests */,
			);
			name = SwiftXMLKitUITests;
			packageProductDependencies = (
			);
			productName = SwiftXMLKitUITests;
			productReference = 6B20BF4E2D660A2C006918EF /* SwiftXMLKitUITests.xctest */;
			productType = "com.apple.product-type.bundle.ui-testing";
		};
/* End PBXNativeTarget section */

/* Begin PBXProject section */
		6B20BF262D660A27006918EF /* Project object */ = {
			isa = PBXProject;
			attributes = {
				BuildIndependentTargetsInParallel = 1;
				LastSwiftUpdateCheck = 1620;
				LastUpgradeCheck = 1620;
				TargetAttributes = {
					6B20BF2D2D660A27006918EF = {
						CreatedOnToolsVersion = 16.2;
					};
					6B20BF432D660A2C006918EF = {
						CreatedOnToolsVersion = 16.2;
						TestTargetID = 6B20BF2D2D660A27006918EF;
					};
					6B20BF4D2D660A2C006918EF = {
						CreatedOnToolsVersion = 16.2;
						TestTargetID = 6B20BF2D2D660A27006918EF;
					};
				};
			};
			buildConfigurationList = 6B20BF292D660A27006918EF /* Build configuration list for PBXProject "SwiftXMLKit" */;
			developmentRegion = en;
			hasScannedForEncodings = 0;
			knownRegions = (
				en,
				Base,
			);
			mainGroup = 6B20BF252D660A27006918EF;
			minimizedProjectReferenceProxies = 1;
			preferredProjectObjectVersion = 77;
			productRefGroup = 6B20BF2F2D660A27006918EF /* Products */;
			projectDirPath = "";
			projectRoot = "";
			targets = (
				6B20BF2D2D660A27006918EF /* SwiftXMLKit */,
				6B20BF432D660A2C006918EF /* SwiftXMLKitTests */,
				6B20BF4D2D660A2C006918EF /* SwiftXMLKitUITests */,
			);
		};
/* End PBXProject section */

/* Begin PBXResourcesBuildPhase section */
		6B20BF2C2D660A27006918EF /* Resources */ = {
			isa = PBXResourcesBuildPhase;
			buildActionMask = 2147483647;
			files = (
			);
			runOnlyForDeploymentPostprocessing = 0;
		};
		6B20BF422D660A2C006918EF /* Resources */ = {
			isa = PBXResourcesBuildPhase;
			buildActionMask = 2147483647;
			files = (
			);
			runOnlyForDeploymentPostprocessing = 0;
		};
		6B20BF4C2D660A2C006918EF /* Resources */ = {
			isa = PBXResourcesBuildPhase;
			buildActionMask = 2147483647;
			files = (
			);
			runOnlyForDeploymentPostprocessing = 0;
		};
/* End PBXResourcesBuildPhase section */

/* Begin PBXSourcesBuildPhase section */
		6B20BF2A2D660A27006918EF /* Sources */ = {
			isa = PBXSourcesBuildPhase;
			buildActionMask = 2147483647;
			files = (
			);
			runOnlyForDeploymentPostprocessing = 0;
		};
		6B20BF402D660A2C006918EF /* Sources */ = {
			isa = PBXSourcesBuildPhase;
			buildActionMask = 2147483647;
			files = (
			);
			runOnlyForDeploymentPostprocessing = 0;
		};
		6B20BF4A2D660A2C006918EF /* Sources */ = {
			isa = PBXSourcesBuildPhase;
			buildActionMask = 2147483647;
			files = (
			);
			runOnlyForDeploymentPostprocessing = 0;
		};
/* End PBXSourcesBuildPhase section */

/* Begin PBXTargetDependency section */
		6B20BF462D660A2C006918EF /* PBXTargetDependency */ = {
			isa = PBXTargetDependency;
			target = 6B20BF2D2D660A27006918EF /* SwiftXMLKit */;
			targetProxy = 6B20BF452D660A2C006918EF /* PBXContainerItemProxy */;
		};
		6B20BF502D660A2C006918EF /* PBXTargetDependency */ = {
			isa = PBXTargetDependency;
			target = 6B20BF2D2D660A27006918EF /* SwiftXMLKit */;
			targetProxy = 6B20BF4F2D660A2C006918EF /* PBXContainerItemProxy */;
		};
/* End PBXTargetDependency section */

/* Begin XCBuildConfiguration section */
		6B20BF582D660A2C006918EF /* Debug */ = {
			isa = XCBuildConfiguration;
			buildSettings = {
				ASSETCATALOG_COMPILER_APPICON_NAME = AppIcon;
				ASSETCATALOG_COMPILER_GLOBAL_ACCENT_COLOR_NAME = AccentColor;
				CODE_SIGN_STYLE = Automatic;
				CURRENT_PROJECT_VERSION = 1;
				GENERATE_INFOPLIST_FILE = YES;
				INFOPLIST_FILE = SwiftXMLKit/Info.plist;
				INFOPLIST_KEY_UIApplicationSupportsIndirectInputEvents = YES;
				INFOPLIST_KEY_UILaunchStoryboardName = LaunchScreen;
				INFOPLIST_KEY_UIMainStoryboardFile = Main;
				INFOPLIST_KEY_UISupportedInterfaceOrientations_iPad = "UIInterfaceOrientationPortrait UIInterfaceOrientationPortraitUpsideDown UIInterfaceOrientationLandscapeLeft UIInterfaceOrientationLandscapeRight";
				INFOPLIST_KEY_UISupportedInterfaceOrientations_iPhone = "UIInterfaceOrientationPortrait UIInterfaceOrientationLandscapeLeft UIInterfaceOrientationLandscapeRight";
				LD_RUNPATH_SEARCH_PATHS = (
					"$(inherited)",
					"@executable_path/Frameworks",
				);
				MARKETING_VERSION = 1.0;
				PRODUCT_BUNDLE_IDENTIFIER = com.liuhongbao.SwiftXMLKit;
				PRODUCT_NAME = "$(TARGET_NAME)";
				SWIFT_EMIT_LOC_STRINGS = YES;
				SWIFT_VERSION = 5.0;
				TARGETED_DEVICE_FAMILY = "1,2";
			};
			name = Debug;
		};
		6B20BF592D660A2C006918EF /* Release */ = {
			isa = XCBuildConfiguration;
			buildSettings = {
				ASSETCATALOG_COMPILER_APPICON_NAME = AppIcon;
				ASSETCATALOG_COMPILER_GLOBAL_ACCENT_COLOR_NAME = AccentColor;
				CODE_SIGN_STYLE = Automatic;
				CURRENT_PROJECT_VERSION = 1;
				GENERATE_INFOPLIST_FILE = YES;
				INFOPLIST_FILE = SwiftXMLKit/Info.plist;
				INFOPLIST_KEY_UIApplicationSupportsIndirectInputEvents = YES;
				INFOPLIST_KEY_UILaunchStoryboardName = LaunchScreen;
				INFOPLIST_KEY_UIMainStoryboardFile = Main;
				INFOPLIST_KEY_UISupportedInterfaceOrientations_iPad = "UIInterfaceOrientationPortrait UIInterfaceOrientationPortraitUpsideDown UIInterfaceOrientationLandscapeLeft UIInterfaceOrientationLandscapeRight";
				INFOPLIST_KEY_UISupportedInterfaceOrientations_iPhone = "UIInterfaceOrientationPortrait UIInterfaceOrientationLandscapeLeft UIInterfaceOrientationLandscapeRight";
				LD_RUNPATH_SEARCH_PATHS = (
					"$(inherited)",
					"@executable_path/Frameworks",
				);
				MARKETING_VERSION = 1.0;
				PRODUCT_BUNDLE_IDENTIFIER = com.liuhongbao.SwiftXMLKit;
				PRODUCT_NAME = "$(TARGET_NAME)";
				SWIFT_EMIT_LOC_STRINGS = YES;
				SWIFT_VERSION = 5.0;
				TARGETED_DEVICE_FAMILY = "1,2";
			};
			name = Release;
		};
		6B20BF5A2D660A2C006918EF /* Debug */ = {
			isa = XCBuildConfiguration;
			buildSettings = {
				ALWAYS_SEARCH_USER_PATHS = NO;
				ASSETCATALOG_COMPILER_GENERATE_SWIFT_ASSET_SYMBOL_EXTENSIONS = YES;
				CLANG_ANALYZER_NONNULL = YES;
				CLANG_ANALYZER_NUMBER_OBJECT_CONVERSION = YES_AGGRESSIVE;
				CLANG_CXX_LANGUAGE_STANDARD = "gnu++20";
				CLANG_ENABLE_MODULES = YES;
				CLANG_ENABLE_OBJC_ARC = YES;
				CLANG_ENABLE_OBJC_WEAK = YES;
				CLANG_WARN_BLOCK_CAPTURE_AUTORELEASING = YES;
				CLANG_WARN_BOOL_CONVERSION = YES;
				CLANG_WARN_COMMA = YES;
				CLANG_WARN_CONSTANT_CONVERSION = YES;
				CLANG_WARN_DEPRECATED_OBJC_IMPLEMENTATIONS = YES;
				CLANG_WARN_DIRECT_OBJC_ISA_USAGE = YES_ERROR;
				CLANG_WARN_DOCUMENTATION_COMMENTS = YES;
				CLANG_WARN_EMPTY_BODY = YES;
				CLANG_WARN_ENUM_CONVERSION = YES;
				CLANG_WARN_INFINITE_RECURSION = YES;
				CLANG_WARN_INT_CONVERSION = YES;
				CLANG_WARN_NON_LITERAL_NULL_CONVERSION = YES;
				CLANG_WARN_OBJC_IMPLICIT_RETAIN_SELF = YES;
				CLANG_WARN_OBJC_LITERAL_CONVERSION = YES;
				CLANG_WARN_OBJC_ROOT_CLASS = YES_ERROR;
				CLANG_WARN_QUOTED_INCLUDE_IN_FRAMEWORK_HEADER = YES;
				CLANG_WARN_RANGE_LOOP_ANALYSIS = YES;
				CLANG_WARN_STRICT_PROTOTYPES = YES;
				CLANG_WARN_SUSPICIOUS_MOVE = YES;
				CLANG_WARN_UNGUARDED_AVAILABILITY = YES_AGGRESSIVE;
				CLANG_WARN_UNREACHABLE_CODE = YES;
				CLANG_WARN__DUPLICATE_METHOD_MATCH = YES;
				COPY_PHASE_STRIP = NO;
				DEBUG_INFORMATION_FORMAT = dwarf;
				ENABLE_STRICT_OBJC_MSGSEND = YES;
				ENABLE_TESTABILITY = YES;
				ENABLE_USER_SCRIPT_SANDBOXING = YES;
				GCC_C_LANGUAGE_STANDARD = gnu17;
				GCC_DYNAMIC_NO_PIC = NO;
				GCC_NO_COMMON_BLOCKS = YES;
				GCC_OPTIMIZATION_LEVEL = 0;
				GCC_PREPROCESSOR_DEFINITIONS = (
					"DEBUG=1",
					"$(inherited)",
				);
				GCC_WARN_64_TO_32_BIT_CONVERSION = YES;
				GCC_WARN_ABOUT_RETURN_TYPE = YES_ERROR;
				GCC_WARN_UNDECLARED_SELECTOR = YES;
				GCC_WARN_UNINITIALIZED_AUTOS = YES_AGGRESSIVE;
				GCC_WARN_UNUSED_FUNCTION = YES;
				GCC_WARN_UNUSED_VARIABLE = YES;
				IPHONEOS_DEPLOYMENT_TARGET = 18.2;
				LOCALIZATION_PREFERS_STRING_CATALOGS = YES;
				MTL_ENABLE_DEBUG_INFO = INCLUDE_SOURCE;
				MTL_FAST_MATH = YES;
				ONLY_ACTIVE_ARCH = YES;
				SDKROOT = iphoneos;
				SWIFT_ACTIVE_COMPILATION_CONDITIONS = "DEBUG $(inherited)";
				SWIFT_OPTIMIZATION_LEVEL = "-Onone";
			};
			name = Debug;
		};
		6B20BF5B2D660A2C006918EF /* Release */ = {
			isa = XCBuildConfiguration;
			buildSettings = {
				ALWAYS_SEARCH_USER_PATHS = NO;
				ASSETCATALOG_COMPILER_GENERATE_SWIFT_ASSET_SYMBOL_EXTENSIONS = YES;
				CLANG_ANALYZER_NONNULL = YES;
				CLANG_ANALYZER_NUMBER_OBJECT_CONVERSION = YES_AGGRESSIVE;
				CLANG_CXX_LANGUAGE_STANDARD = "gnu++20";
				CLANG_ENABLE_MODULES = YES;
				CLANG_ENABLE_OBJC_ARC = YES;
				CLANG_ENABLE_OBJC_WEAK = YES;
				CLANG_WARN_BLOCK_CAPTURE_AUTORELEASING = YES;
				CLANG_WARN_BOOL_CONVERSION = YES;
				CLANG_WARN_COMMA = YES;
				CLANG_WARN_CONSTANT_CONVERSION = YES;
				CLANG_WARN_DEPRECATED_OBJC_IMPLEMENTATIONS = YES;
				CLANG_WARN_DIRECT_OBJC_ISA_USAGE = YES_ERROR;
				CLANG_WARN_DOCUMENTATION_COMMENTS = YES;
				CLANG_WARN_EMPTY_BODY = YES;
				CLANG_WARN_ENUM_CONVERSION = YES;
				CLANG_WARN_INFINITE_RECURSION = YES;
				CLANG_WARN_INT_CONVERSION = YES;
				CLANG_WARN_NON_LITERAL_NULL_CONVERSION = YES;
				CLANG_WARN_OBJC_IMPLICIT_RETAIN_SELF = YES;
				CLANG_WARN_OBJC_LITERAL_CONVERSION = YES;
				CLANG_WARN_OBJC_ROOT_CLASS = YES_ERROR;
				CLANG_WARN_QUOTED_INCLUDE_IN_FRAMEWORK_HEADER = YES;
				CLANG_WARN_RANGE_LOOP_ANALYSIS = YES;
				CLANG_WARN_STRICT_PROTOTYPES = YES;
				CLANG_WARN_SUSPICIOUS_MOVE = YES;
				CLANG_WARN_UNGUARDED_AVAILABILITY = YES_AGGRESSIVE;
				CLANG_WARN_UNREACHABLE_CODE = YES;
				CLANG_WARN__DUPLICATE_METHOD_MATCH = YES;
				COPY_PHASE_STRIP = NO;
				DEBUG_INFORMATION_FORMAT = "dwarf-with-dsym";
				ENABLE_NS_ASSERTIONS = NO;
				ENABLE_STRICT_OBJC_MSGSEND = YES;
				ENABLE_USER_SCRIPT_SANDBOXING = YES;
				GCC_C_LANGUAGE_STANDARD = gnu17;
				GCC_NO_COMMON_BLOCKS = YES;
				GCC_WARN_64_TO_32_BIT_CONVERSION = YES;
				GCC_WARN_ABOUT_RETURN_TYPE = YES_ERROR;
				GCC_WARN_UNDECLARED_SELECTOR = YES;
				GCC_WARN_UNINITIALIZED_AUTOS = YES_AGGRESSIVE;
				GCC_WARN_UNUSED_FUNCTION = YES;
				GCC_WARN_UNUSED_VARIABLE = YES;
				IPHONEOS_DEPLOYMENT_TARGET = 18.2;
				LOCALIZATION_PREFERS_STRING_CATALOGS = YES;
				MTL_ENABLE_DEBUG_INFO = NO;
				MTL_FAST_MATH = YES;
				SDKROOT = iphoneos;
				SWIFT_COMPILATION_MODE = wholemodule;
				VALIDATE_PRODUCT = YES;
			};
			name = Release;
		};
		6B20BF5D2D660A2C006918EF /* Debug */ = {
			isa = XCBuildConfiguration;
			buildSettings = {
				BUNDLE_LOADER = "$(TEST_HOST)";
				CODE_SIGN_STYLE = Automatic;
				CURRENT_PROJECT_VERSION = 1;
				GENERATE_INFOPLIST_FILE = YES;
				IPHONEOS_DEPLOYMENT_TARGET = 18.2;
				MARKETING_VERSION = 1.0;
				PRODUCT_BUNDLE_IDENTIFIER = com.liuhongbao.SwiftXMLKitTests;
				PRODUCT_NAME = "$(TARGET_NAME)";
				SWIFT_EMIT_LOC_STRINGS = NO;
				SWIFT_VERSION = 5.0;
				TARGETED_DEVICE_FAMILY = "1,2";
				TEST_HOST = "$(BUILT_PRODUCTS_DIR)/SwiftXMLKit.app/$(BUNDLE_EXECUTABLE_FOLDER_PATH)/SwiftXMLKit";
			};
			name = Debug;
		};
		6B20BF5E2D660A2C006918EF /* Release */ = {
			isa = XCBuildConfiguration;
			buildSettings = {
				BUNDLE_LOADER = "$(TEST_HOST)";
				CODE_SIGN_STYLE = Automatic;
				CURRENT_PROJECT_VERSION = 1;
				GENERATE_INFOPLIST_FILE = YES;
				IPHONEOS_DEPLOYMENT_TARGET = 18.2;
				MARKETING_VERSION = 1.0;
				PRODUCT_BUNDLE_IDENTIFIER = com.liuhongbao.SwiftXMLKitTests;
				PRODUCT_NAME = "$(TARGET_NAME)";
				SWIFT_EMIT_LOC_STRINGS = NO;
				SWIFT_VERSION = 5.0;
				TARGETED_DEVICE_FAMILY = "1,2";
				TEST_HOST = "$(BUILT_PRODUCTS_DIR)/SwiftXMLKit.app/$(BUNDLE_EXECUTABLE_FOLDER_PATH)/SwiftXMLKit";
			};
			name = Release;
		};
		6B20BF602D660A2C006918EF /* Debug */ = {
			isa = XCBuildConfiguration;
			buildSettings = {
				CODE_SIGN_STYLE = Automatic;
				CURRENT_PROJECT_VERSION = 1;
				GENERATE_INFOPLIST_FILE = YES;
				MARKETING_VERSION = 1.0;
				PRODUCT_BUNDLE_IDENTIFIER = com.liuhongbao.SwiftXMLKitUITests;
				PRODUCT_NAME = "$(TARGET_NAME)";
				SWIFT_EMIT_LOC_STRINGS = NO;
				SWIFT_VERSION = 5.0;
				TARGETED_DEVICE_FAMILY = "1,2";
				TEST_TARGET_NAME = SwiftXMLKit;
			};
			name = Debug;
		};
		6B20BF612D660A2C006918EF /* Release */ = {
			isa = XCBuildConfiguration;
			buildSettings = {
				CODE_SIGN_STYLE = Automatic;
				CURRENT_PROJECT_VERSION = 1;
				GENERATE_INFOPLIST_FILE = YES;
				MARKETING_VERSION = 1.0;
				PRODUCT_BUNDLE_IDENTIFIER = com.liuhongbao.SwiftXMLKitUITests;
				PRODUCT_NAME = "$(TARGET_NAME)";
				SWIFT_EMIT_LOC_STRINGS = NO;
				SWIFT_VERSION = 5.0;
				TARGETED_DEVICE_FAMILY = "1,2";
				TEST_TARGET_NAME = SwiftXMLKit;
			};
			name = Release;
		};
/* End XCBuildConfiguration section */

/* Begin XCConfigurationList section */
		6B20BF292D660A27006918EF /* Build configuration list for PBXProject "SwiftXMLKit" */ = {
			isa = XCConfigurationList;
			buildConfigurations = (
				6B20BF5A2D660A2C006918EF /* Debug */,
				6B20BF5B2D660A2C006918EF /* Release */,
			);
			defaultConfigurationIsVisible = 0;
			defaultConfigurationName = Release;
		};
		6B20BF572D660A2C006918EF /* Build configuration list for PBXNativeTarget "SwiftXMLKit" */ = {
			isa = XCConfigurationList;
			buildConfigurations = (
				6B20BF582D660A2C006918EF /* Debug */,
				6B20BF592D660A2C006918EF /* Release */,
			);
			defaultConfigurationIsVisible = 0;
			defaultConfigurationName = Release;
		};
		6B20BF5C2D660A2C006918EF /* Build configuration list for PBXNativeTarget "SwiftXMLKitTests" */ = {
			isa = XCConfigurationList;
			buildConfigurations = (
				6B20BF5D2D660A2C006918EF /* Debug */,
				6B20BF5E2D660A2C006918EF /* Release */,
			);
			defaultConfigurationIsVisible = 0;
			defaultConfigurationName = Release;
		};
		6B20BF5F2D660A2C006918EF /* Build configuration list for PBXNativeTarget "SwiftXMLKitUITests" */ = {
			isa = XCConfigurationList;
			buildConfigurations = (
				6B20BF602D660A2C006918EF /* Debug */,
				6B20BF612D660A2C006918EF /* Release */,
			);
			defaultConfigurationIsVisible = 0;
			defaultConfigurationName = Release;
		};
/* End XCConfigurationList section */
	};
	rootObject = 6B20BF262D660A27006918EF /* Project object */;
}
